PODS:
  - MultiplatformBleAdapter (0.1.7)

DEPENDENCIES:
  - MultiplatformBleAdapter (~> 0.1.7)

SPEC REPOS:
  trunk:
    - MultiplatformBleAdapter

SPEC CHECKSUMS:
  MultiplatformBleAdapter: 975cfb2a333b2c42b7a11628bd100ccb61872da2

PODFILE CHECKSUM: 79bdda221d3c51c636d7aad2a4e165eb797857e9

COCOAPODS: 1.9.3
