PODS:
  - MultiplatformBleAdapter (0.1.2)

DEPENDENCIES:
  - MultiplatformBleAdapter (~> 0.1.2)

SPEC REPOS:
  trunk:
    - MultiplatformBleAdapter

SPEC CHECKSUMS:
  MultiplatformBleAdapter: f46efe2e189efdfc95edbb4a266c907c5637753a

PODFILE CHECKSUM: 7c6a63d9891af7d59cb394fe0dc7d321891c5adb

COCOAPODS: 1.8.4
