PODS:
  - MultiplatformBleAdapter (0.1.9)

DEPENDENCIES:
  - MultiplatformBleAdapter (~> 0.1.9)

SPEC REPOS:
  trunk:
    - MultiplatformBleAdapter

SPEC CHECKSUMS:
  MultiplatformBleAdapter: 5a6a897b006764392f9cef785e4360f54fb9477d

PODFILE CHECKSUM: db36c5a678c403cbe3f96dc14dda27e0ec139205

COCOAPODS: 1.11.2
