// !$*UTF8*$!
{
	archiveVersion = 1;
	classes = {
	};
	objectVersion = 46;
	objects = {

/* Begin PBXBuildFile section */
		C46F201A20E1154E00E00F27 /* ObjectIdGenerator.swift in Sources */ = {isa = PBXBuildFile; fileRef = C46F200620E1154E00E00F27 /* ObjectIdGenerator.swift */; };
		C46F201B20E1154E00E00F27 /* BleExtensions.swift in Sources */ = {isa = PBXBuildFile; fileRef = C46F200720E1154E00E00F27 /* BleExtensions.swift */; };
		C46F201C20E1154E00E00F27 /* BleUtils.swift in Sources */ = {isa = PBXBuildFile; fileRef = C46F200820E1154E00E00F27 /* BleUtils.swift */; };
		C46F201D20E1154E00E00F27 /* Buffer.swift in Sources */ = {isa = PBXBuildFile; fileRef = C46F200A20E1154E00E00F27 /* Buffer.swift */; };
		C46F201E20E1154E00E00F27 /* BleError.swift in Sources */ = {isa = PBXBuildFile; fileRef = C46F200B20E1154E00E00F27 /* BleError.swift */; };
		C46F201F20E1154E00E00F27 /* Request.swift in Sources */ = {isa = PBXBuildFile; fileRef = C46F200C20E1154E00E00F27 /* Request.swift */; };
		C46F202020E1154E00E00F27 /* ScannedPeripheral.swift in Sources */ = {isa = PBXBuildFile; fileRef = C46F200D20E1154E00E00F27 /* ScannedPeripheral.swift */; };
		C46F202120E1154E00E00F27 /* NotificationsHandler.swift in Sources */ = {isa = PBXBuildFile; fileRef = C46F201020E1154E00E00F27 /* NotificationsHandler.swift */; };
		C46F202220E1154E00E00F27 /* BufferHandler.swift in Sources */ = {isa = PBXBuildFile; fileRef = C46F201120E1154E00E00F27 /* BufferHandler.swift */; };
		C46F202320E1154E00E00F27 /* RequestHandler.swift in Sources */ = {isa = PBXBuildFile; fileRef = C46F201220E1154E00E00F27 /* RequestHandler.swift */; };
		C46F202420E1154E00E00F27 /* CacheHandler.swift in Sources */ = {isa = PBXBuildFile; fileRef = C46F201320E1154E00E00F27 /* CacheHandler.swift */; };
		C46F202520E1154E00E00F27 /* CBPeripheralDelegateHandler.swift in Sources */ = {isa = PBXBuildFile; fileRef = C46F201520E1154E00E00F27 /* CBPeripheralDelegateHandler.swift */; };
		C46F202620E1154E00E00F27 /* CentralManager.swift in Sources */ = {isa = PBXBuildFile; fileRef = C46F201620E1154E00E00F27 /* CentralManager.swift */; };
		C46F202720E1154E00E00F27 /* CentralManager+Additions.swift in Sources */ = {isa = PBXBuildFile; fileRef = C46F201720E1154E00E00F27 /* CentralManager+Additions.swift */; };
		C46F202820E1154E00E00F27 /* CBCentralManagerDelegateHandler.swift in Sources */ = {isa = PBXBuildFile; fileRef = C46F201820E1154E00E00F27 /* CBCentralManagerDelegateHandler.swift */; };
		C46F205D20E1243F00E00F27 /* BleState.swift in Sources */ = {isa = PBXBuildFile; fileRef = C46F205C20E1243E00E00F27 /* BleState.swift */; };
		C47254B420F4A4D400B5830A /* Constants.swift in Sources */ = {isa = PBXBuildFile; fileRef = C47254B220F4A4D400B5830A /* Constants.swift */; };
		C47254B520F4A4D400B5830A /* ManagerCache.swift in Sources */ = {isa = PBXBuildFile; fileRef = C47254B320F4A4D400B5830A /* ManagerCache.swift */; };
		C47254C420F4AAC700B5830A /* Logger.swift in Sources */ = {isa = PBXBuildFile; fileRef = C47254C320F4AAC700B5830A /* Logger.swift */; };
		C47254C820F4D1CD00B5830A /* ManagerWrapper.swift in Sources */ = {isa = PBXBuildFile; fileRef = C47254C720F4D1CD00B5830A /* ManagerWrapper.swift */; };
		D7D202791D4F614D00E10F6A /* BleModule.m in Sources */ = {isa = PBXBuildFile; fileRef = D7D202771D4F614D00E10F6A /* BleModule.m */; };
/* End PBXBuildFile section */

/* Begin PBXCopyFilesBuildPhase section */
		D73F06E61D48E17B00AD5963 /* CopyFiles */ = {
			isa = PBXCopyFilesBuildPhase;
			buildActionMask = 2147483647;
			dstPath = "include/$(PRODUCT_NAME)";
			dstSubfolderSpec = 16;
			files = (
			);
			runOnlyForDeploymentPostprocessing = 0;
		};
/* End PBXCopyFilesBuildPhase section */

/* Begin PBXFileReference section */
		C46F200620E1154E00E00F27 /* ObjectIdGenerator.swift */ = {isa = PBXFileReference; fileEncoding = 4; lastKnownFileType = sourcecode.swift; path = ObjectIdGenerator.swift; sourceTree = "<group>"; };
		C46F200720E1154E00E00F27 /* BleExtensions.swift */ = {isa = PBXFileReference; fileEncoding = 4; lastKnownFileType = sourcecode.swift; path = BleExtensions.swift; sourceTree = "<group>"; };
		C46F200820E1154E00E00F27 /* BleUtils.swift */ = {isa = PBXFileReference; fileEncoding = 4; lastKnownFileType = sourcecode.swift; path = BleUtils.swift; sourceTree = "<group>"; };
		C46F200A20E1154E00E00F27 /* Buffer.swift */ = {isa = PBXFileReference; fileEncoding = 4; lastKnownFileType = sourcecode.swift; path = Buffer.swift; sourceTree = "<group>"; };
		C46F200B20E1154E00E00F27 /* BleError.swift */ = {isa = PBXFileReference; fileEncoding = 4; lastKnownFileType = sourcecode.swift; path = BleError.swift; sourceTree = "<group>"; };
		C46F200C20E1154E00E00F27 /* Request.swift */ = {isa = PBXFileReference; fileEncoding = 4; lastKnownFileType = sourcecode.swift; path = Request.swift; sourceTree = "<group>"; };
		C46F200D20E1154E00E00F27 /* ScannedPeripheral.swift */ = {isa = PBXFileReference; fileEncoding = 4; lastKnownFileType = sourcecode.swift; path = ScannedPeripheral.swift; sourceTree = "<group>"; };
		C46F200E20E1154E00E00F27 /* BleNative.h */ = {isa = PBXFileReference; fileEncoding = 4; lastKnownFileType = sourcecode.c.h; path = BleNative.h; sourceTree = "<group>"; };
		C46F201020E1154E00E00F27 /* NotificationsHandler.swift */ = {isa = PBXFileReference; fileEncoding = 4; lastKnownFileType = sourcecode.swift; path = NotificationsHandler.swift; sourceTree = "<group>"; };
		C46F201120E1154E00E00F27 /* BufferHandler.swift */ = {isa = PBXFileReference; fileEncoding = 4; lastKnownFileType = sourcecode.swift; path = BufferHandler.swift; sourceTree = "<group>"; };
		C46F201220E1154E00E00F27 /* RequestHandler.swift */ = {isa = PBXFileReference; fileEncoding = 4; lastKnownFileType = sourcecode.swift; path = RequestHandler.swift; sourceTree = "<group>"; };
		C46F201320E1154E00E00F27 /* CacheHandler.swift */ = {isa = PBXFileReference; fileEncoding = 4; lastKnownFileType = sourcecode.swift; path = CacheHandler.swift; sourceTree = "<group>"; };
		C46F201520E1154E00E00F27 /* CBPeripheralDelegateHandler.swift */ = {isa = PBXFileReference; fileEncoding = 4; lastKnownFileType = sourcecode.swift; path = CBPeripheralDelegateHandler.swift; sourceTree = "<group>"; };
		C46F201620E1154E00E00F27 /* CentralManager.swift */ = {isa = PBXFileReference; fileEncoding = 4; lastKnownFileType = sourcecode.swift; path = CentralManager.swift; sourceTree = "<group>"; };
		C46F201720E1154E00E00F27 /* CentralManager+Additions.swift */ = {isa = PBXFileReference; fileEncoding = 4; lastKnownFileType = sourcecode.swift; path = "CentralManager+Additions.swift"; sourceTree = "<group>"; };
		C46F201820E1154E00E00F27 /* CBCentralManagerDelegateHandler.swift */ = {isa = PBXFileReference; fileEncoding = 4; lastKnownFileType = sourcecode.swift; path = CBCentralManagerDelegateHandler.swift; sourceTree = "<group>"; };
		C46F201920E1154E00E00F27 /* Info.plist */ = {isa = PBXFileReference; fileEncoding = 4; lastKnownFileType = text.plist.xml; path = Info.plist; sourceTree = "<group>"; };
		C46F205C20E1243E00E00F27 /* BleState.swift */ = {isa = PBXFileReference; fileEncoding = 4; lastKnownFileType = sourcecode.swift; path = BleState.swift; sourceTree = "<group>"; };
		C47254B220F4A4D400B5830A /* Constants.swift */ = {isa = PBXFileReference; fileEncoding = 4; lastKnownFileType = sourcecode.swift; path = Constants.swift; sourceTree = "<group>"; };
		C47254B320F4A4D400B5830A /* ManagerCache.swift */ = {isa = PBXFileReference; fileEncoding = 4; lastKnownFileType = sourcecode.swift; path = ManagerCache.swift; sourceTree = "<group>"; };
		C47254C320F4AAC700B5830A /* Logger.swift */ = {isa = PBXFileReference; fileEncoding = 4; lastKnownFileType = sourcecode.swift; path = Logger.swift; sourceTree = "<group>"; };
		C47254C720F4D1CD00B5830A /* ManagerWrapper.swift */ = {isa = PBXFileReference; fileEncoding = 4; lastKnownFileType = sourcecode.swift; path = ManagerWrapper.swift; sourceTree = "<group>"; };
		D73F06E81D48E17B00AD5963 /* libBleClient.a */ = {isa = PBXFileReference; explicitFileType = archive.ar; includeInIndex = 0; path = libBleClient.a; sourceTree = BUILT_PRODUCTS_DIR; };
		D760681620BBEEA10005ECAF /* BleClient-Bridging-Header.h */ = {isa = PBXFileReference; lastKnownFileType = sourcecode.c.h; path = "BleClient-Bridging-Header.h"; sourceTree = "<group>"; };
		D7D202771D4F614D00E10F6A /* BleModule.m */ = {isa = PBXFileReference; fileEncoding = 4; lastKnownFileType = sourcecode.c.objc; path = BleModule.m; sourceTree = "<group>"; };
		D7D202781D4F614D00E10F6A /* BleModule.h */ = {isa = PBXFileReference; fileEncoding = 4; lastKnownFileType = sourcecode.c.h; path = BleModule.h; sourceTree = "<group>"; };
/* End PBXFileReference section */

/* Begin PBXFrameworksBuildPhase section */
		D73F06E51D48E17B00AD5963 /* Frameworks */ = {
			isa = PBXFrameworksBuildPhase;
			buildActionMask = 2147483647;
			files = (
			);
			runOnlyForDeploymentPostprocessing = 0;
		};
/* End PBXFrameworksBuildPhase section */

/* Begin PBXGroup section */
		C46F200420E1154E00E00F27 /* BleNative */ = {
			isa = PBXGroup;
			children = (
				C47254C720F4D1CD00B5830A /* ManagerWrapper.swift */,
				C47254B220F4A4D400B5830A /* Constants.swift */,
				C47254B320F4A4D400B5830A /* ManagerCache.swift */,
				C46F200520E1154E00E00F27 /* Utils */,
				C46F200920E1154E00E00F27 /* Models */,
				C46F200E20E1154E00E00F27 /* BleNative.h */,
				C46F200F20E1154E00E00F27 /* Handlers */,
				C46F201420E1154E00E00F27 /* CentralManager */,
				C46F201920E1154E00E00F27 /* Info.plist */,
			);
			name = BleNative;
			path = "ble-ios-native/BleNative";
			sourceTree = "<group>";
		};
		C46F200520E1154E00E00F27 /* Utils */ = {
			isa = PBXGroup;
			children = (
				C47254C320F4AAC700B5830A /* Logger.swift */,
				C46F205C20E1243E00E00F27 /* BleState.swift */,
				C46F200620E1154E00E00F27 /* ObjectIdGenerator.swift */,
				C46F200720E1154E00E00F27 /* BleExtensions.swift */,
				C46F200820E1154E00E00F27 /* BleUtils.swift */,
			);
			path = Utils;
			sourceTree = "<group>";
		};
		C46F200920E1154E00E00F27 /* Models */ = {
			isa = PBXGroup;
			children = (
				C46F200A20E1154E00E00F27 /* Buffer.swift */,
				C46F200B20E1154E00E00F27 /* BleError.swift */,
				C46F200C20E1154E00E00F27 /* Request.swift */,
				C46F200D20E1154E00E00F27 /* ScannedPeripheral.swift */,
			);
			path = Models;
			sourceTree = "<group>";
		};
		C46F200F20E1154E00E00F27 /* Handlers */ = {
			isa = PBXGroup;
			children = (
				C46F201020E1154E00E00F27 /* NotificationsHandler.swift */,
				C46F201120E1154E00E00F27 /* BufferHandler.swift */,
				C46F201220E1154E00E00F27 /* RequestHandler.swift */,
				C46F201320E1154E00E00F27 /* CacheHandler.swift */,
			);
			path = Handlers;
			sourceTree = "<group>";
		};
		C46F201420E1154E00E00F27 /* CentralManager */ = {
			isa = PBXGroup;
			children = (
				C46F201520E1154E00E00F27 /* CBPeripheralDelegateHandler.swift */,
				C46F201620E1154E00E00F27 /* CentralManager.swift */,
				C46F201720E1154E00E00F27 /* CentralManager+Additions.swift */,
				C46F201820E1154E00E00F27 /* CBCentralManagerDelegateHandler.swift */,
			);
			path = CentralManager;
			sourceTree = "<group>";
		};
		D73F06DF1D48E17B00AD5963 = {
			isa = PBXGroup;
			children = (
				C46F200420E1154E00E00F27 /* BleNative */,
				D7D202771D4F614D00E10F6A /* BleModule.m */,
				D7D202781D4F614D00E10F6A /* BleModule.h */,
				D760681620BBEEA10005ECAF /* BleClient-Bridging-Header.h */,
				D73F06E91D48E17B00AD5963 /* Products */,
			);
			sourceTree = "<group>";
		};
		D73F06E91D48E17B00AD5963 /* Products */ = {
			isa = PBXGroup;
			children = (
				D73F06E81D48E17B00AD5963 /* libBleClient.a */,
			);
			name = Products;
			sourceTree = "<group>";
		};
/* End PBXGroup section */

/* Begin PBXNativeTarget section */
		D73F06E71D48E17B00AD5963 /* BleClient */ = {
			isa = PBXNativeTarget;
			buildConfigurationList = D73F06F11D48E17B00AD5963 /* Build configuration list for PBXNativeTarget "BleClient" */;
			buildPhases = (
				D73F06E41D48E17B00AD5963 /* Sources */,
				D73F06E51D48E17B00AD5963 /* Frameworks */,
				D73F06E61D48E17B00AD5963 /* CopyFiles */,
			);
			buildRules = (
			);
			dependencies = (
			);
			name = BleClient;
			productName = BleClient;
			productReference = D73F06E81D48E17B00AD5963 /* libBleClient.a */;
			productType = "com.apple.product-type.library.static";
		};
/* End PBXNativeTarget section */

/* Begin PBXProject section */
		D73F06E01D48E17B00AD5963 /* Project object */ = {
			isa = PBXProject;
			attributes = {
				LastUpgradeCheck = 0730;
				ORGANIZATIONNAME = Polidea;
				TargetAttributes = {
					D73F06E71D48E17B00AD5963 = {
						CreatedOnToolsVersion = 7.3;
						LastSwiftMigration = 0930;
					};
				};
			};
			buildConfigurationList = D73F06E31D48E17B00AD5963 /* Build configuration list for PBXProject "BleClient" */;
			compatibilityVersion = "Xcode 3.2";
			developmentRegion = English;
			hasScannedForEncodings = 0;
			knownRegions = (
				en,
			);
			mainGroup = D73F06DF1D48E17B00AD5963;
			productRefGroup = D73F06E91D48E17B00AD5963 /* Products */;
			projectDirPath = "";
			projectRoot = "";
			targets = (
				D73F06E71D48E17B00AD5963 /* BleClient */,
			);
		};
/* End PBXProject section */

/* Begin PBXSourcesBuildPhase section */
		D73F06E41D48E17B00AD5963 /* Sources */ = {
			isa = PBXSourcesBuildPhase;
			buildActionMask = 2147483647;
			files = (
				C46F202520E1154E00E00F27 /* CBPeripheralDelegateHandler.swift in Sources */,
				C46F201E20E1154E00E00F27 /* BleError.swift in Sources */,
				C46F202820E1154E00E00F27 /* CBCentralManagerDelegateHandler.swift in Sources */,
				D7D202791D4F614D00E10F6A /* BleModule.m in Sources */,
				C46F205D20E1243F00E00F27 /* BleState.swift in Sources */,
				C46F202720E1154E00E00F27 /* CentralManager+Additions.swift in Sources */,
				C47254B520F4A4D400B5830A /* ManagerCache.swift in Sources */,
				C46F202020E1154E00E00F27 /* ScannedPeripheral.swift in Sources */,
				C46F201C20E1154E00E00F27 /* BleUtils.swift in Sources */,
				C46F202320E1154E00E00F27 /* RequestHandler.swift in Sources */,
				C46F201B20E1154E00E00F27 /* BleExtensions.swift in Sources */,
				C46F202120E1154E00E00F27 /* NotificationsHandler.swift in Sources */,
				C46F202220E1154E00E00F27 /* BufferHandler.swift in Sources */,
				C46F201F20E1154E00E00F27 /* Request.swift in Sources */,
				C46F201D20E1154E00E00F27 /* Buffer.swift in Sources */,
				C47254C820F4D1CD00B5830A /* ManagerWrapper.swift in Sources */,
				C47254C420F4AAC700B5830A /* Logger.swift in Sources */,
				C46F201A20E1154E00E00F27 /* ObjectIdGenerator.swift in Sources */,
				C46F202420E1154E00E00F27 /* CacheHandler.swift in Sources */,
				C46F202620E1154E00E00F27 /* CentralManager.swift in Sources */,
				C47254B420F4A4D400B5830A /* Constants.swift in Sources */,
			);
			runOnlyForDeploymentPostprocessing = 0;
		};
/* End PBXSourcesBuildPhase section */

/* Begin XCBuildConfiguration section */
		D73F06EF1D48E17B00AD5963 /* Debug */ = {
			isa = XCBuildConfiguration;
			buildSettings = {
				ALWAYS_SEARCH_USER_PATHS = NO;
				CLANG_ANALYZER_NONNULL = YES;
				CLANG_CXX_LANGUAGE_STANDARD = "gnu++0x";
				CLANG_CXX_LIBRARY = "libc++";
				CLANG_ENABLE_MODULES = YES;
				CLANG_ENABLE_OBJC_ARC = YES;
				CLANG_WARN_BOOL_CONVERSION = YES;
				CLANG_WARN_CONSTANT_CONVERSION = YES;
				CLANG_WARN_DIRECT_OBJC_ISA_USAGE = YES_ERROR;
				CLANG_WARN_EMPTY_BODY = YES;
				CLANG_WARN_ENUM_CONVERSION = YES;
				CLANG_WARN_INT_CONVERSION = YES;
				CLANG_WARN_OBJC_ROOT_CLASS = YES_ERROR;
				CLANG_WARN_UNREACHABLE_CODE = YES;
				CLANG_WARN__DUPLICATE_METHOD_MATCH = YES;
				"CODE_SIGN_IDENTITY[sdk=iphoneos*]" = "iPhone Developer";
				COPY_PHASE_STRIP = NO;
				DEBUG_INFORMATION_FORMAT = dwarf;
				ENABLE_STRICT_OBJC_MSGSEND = YES;
				ENABLE_TESTABILITY = YES;
				GCC_C_LANGUAGE_STANDARD = gnu99;
				GCC_DYNAMIC_NO_PIC = NO;
				GCC_NO_COMMON_BLOCKS = YES;
				GCC_OPTIMIZATION_LEVEL = 0;
				GCC_PREPROCESSOR_DEFINITIONS = (
					"DEBUG=1",
					"$(inherited)",
				);
				GCC_WARN_64_TO_32_BIT_CONVERSION = YES;
				GCC_WARN_ABOUT_RETURN_TYPE = YES_ERROR;
				GCC_WARN_UNDECLARED_SELECTOR = YES;
				GCC_WARN_UNINITIALIZED_AUTOS = YES_AGGRESSIVE;
				GCC_WARN_UNUSED_FUNCTION = YES;
				GCC_WARN_UNUSED_VARIABLE = YES;
				IPHONEOS_DEPLOYMENT_TARGET = 8.0;
				MTL_ENABLE_DEBUG_INFO = YES;
				ONLY_ACTIVE_ARCH = YES;
				SDKROOT = iphoneos;
			};
			name = Debug;
		};
		D73F06F01D48E17B00AD5963 /* Release */ = {
			isa = XCBuildConfiguration;
			buildSettings = {
				ALWAYS_SEARCH_USER_PATHS = NO;
				CLANG_ANALYZER_NONNULL = YES;
				CLANG_CXX_LANGUAGE_STANDARD = "gnu++0x";
				CLANG_CXX_LIBRARY = "libc++";
				CLANG_ENABLE_MODULES = YES;
				CLANG_ENABLE_OBJC_ARC = YES;
				CLANG_WARN_BOOL_CONVERSION = YES;
				CLANG_WARN_CONSTANT_CONVERSION = YES;
				CLANG_WARN_DIRECT_OBJC_ISA_USAGE = YES_ERROR;
				CLANG_WARN_EMPTY_BODY = YES;
				CLANG_WARN_ENUM_CONVERSION = YES;
				CLANG_WARN_INT_CONVERSION = YES;
				CLANG_WARN_OBJC_ROOT_CLASS = YES_ERROR;
				CLANG_WARN_UNREACHABLE_CODE = YES;
				CLANG_WARN__DUPLICATE_METHOD_MATCH = YES;
				"CODE_SIGN_IDENTITY[sdk=iphoneos*]" = "iPhone Developer";
				COPY_PHASE_STRIP = NO;
				DEBUG_INFORMATION_FORMAT = "dwarf-with-dsym";
				ENABLE_NS_ASSERTIONS = NO;
				ENABLE_STRICT_OBJC_MSGSEND = YES;
				GCC_C_LANGUAGE_STANDARD = gnu99;
				GCC_NO_COMMON_BLOCKS = YES;
				GCC_WARN_64_TO_32_BIT_CONVERSION = YES;
				GCC_WARN_ABOUT_RETURN_TYPE = YES_ERROR;
				GCC_WARN_UNDECLARED_SELECTOR = YES;
				GCC_WARN_UNINITIALIZED_AUTOS = YES_AGGRESSIVE;
				GCC_WARN_UNUSED_FUNCTION = YES;
				GCC_WARN_UNUSED_VARIABLE = YES;
				IPHONEOS_DEPLOYMENT_TARGET = 8.0;
				MTL_ENABLE_DEBUG_INFO = NO;
				SDKROOT = iphoneos;
				VALIDATE_PRODUCT = YES;
			};
			name = Release;
		};
		D73F06F21D48E17B00AD5963 /* Debug */ = {
			isa = XCBuildConfiguration;
			buildSettings = {
				CLANG_ENABLE_MODULES = YES;
				FRAMEWORK_SEARCH_PATHS = "$(inherited)";
				HEADER_SEARCH_PATHS = "$(SRCROOT)/../../react-native/React/**";
				LD_RUNPATH_SEARCH_PATHS = "$(inherited) @executable_path/Frameworks @loader_path/Frameworks";
				OTHER_LDFLAGS = "-ObjC";
				PRODUCT_NAME = "$(TARGET_NAME)";
				SKIP_INSTALL = YES;
				SWIFT_OBJC_BRIDGING_HEADER = "BleClient-Bridging-Header.h";
				SWIFT_OPTIMIZATION_LEVEL = "-Onone";
				SWIFT_VERSION = 4.0;
			};
			name = Debug;
		};
		D73F06F31D48E17B00AD5963 /* Release */ = {
			isa = XCBuildConfiguration;
			buildSettings = {
				CLANG_ENABLE_MODULES = YES;
				FRAMEWORK_SEARCH_PATHS = "$(inherited)";
				HEADER_SEARCH_PATHS = "$(SRCROOT)/../../react-native/React/**";
				LD_RUNPATH_SEARCH_PATHS = "$(inherited) @executable_path/Frameworks @loader_path/Frameworks";
				OTHER_LDFLAGS = "-ObjC";
				PRODUCT_NAME = "$(TARGET_NAME)";
				SKIP_INSTALL = YES;
				SWIFT_OBJC_BRIDGING_HEADER = "BleClient-Bridging-Header.h";
				SWIFT_VERSION = 4.0;
			};
			name = Release;
		};
/* End XCBuildConfiguration section */

/* Begin XCConfigurationList section */
		D73F06E31D48E17B00AD5963 /* Build configuration list for PBXProject "BleClient" */ = {
			isa = XCConfigurationList;
			buildConfigurations = (
				D73F06EF1D48E17B00AD5963 /* Debug */,
				D73F06F01D48E17B00AD5963 /* Release */,
			);
			defaultConfigurationIsVisible = 0;
			defaultConfigurationName = Release;
		};
		D73F06F11D48E17B00AD5963 /* Build configuration list for PBXNativeTarget "BleClient" */ = {
			isa = XCConfigurationList;
			buildConfigurations = (
				D73F06F21D48E17B00AD5963 /* Debug */,
				D73F06F31D48E17B00AD5963 /* Release */,
			);
			defaultConfigurationIsVisible = 0;
			defaultConfigurationName = Release;
		};
/* End XCConfigurationList section */
	};
	rootObject = D73F06E01D48E17B00AD5963 /* Project object */;
}
